
Microsoft Visual Studio Solution File, Format Version 12.00
# Visual Studio Version 17
VisualStudioVersion = 17.8.34309.116
MinimumVisualStudioVersion = 10.0.40219.1
Project("{FAE04EC0-301F-11D3-BF4B-00C04F79EFBC}") = "Assignment", "Assignment.csproj", "{D39471C7-C744-4AE4-B6F6-FCE0F0BA0696}"
EndProject
Global
	GlobalSection(SolutionConfigurationPlatforms) = preSolution
		Debug|Any CPU = Debug|Any CPU
		Release|Any CPU = Release|Any CPU
	EndGlobalSection
	GlobalSection(ProjectConfigurationPlatforms) = postSolution
		{D39471C7-C744-4AE4-B6F6-FCE0F0BA0696}.Debug|Any CPU.ActiveCfg = Debug|Any CPU
		{D39471C7-C744-4AE4-B6F6-FCE0F0BA0696}.Debug|Any CPU.Build.0 = Debug|Any CPU
		{D39471C7-C744-4AE4-B6F6-FCE0F0BA0696}.Release|Any CPU.ActiveCfg = Release|Any CPU
		{D39471C7-C744-4AE4-B6F6-FCE0F0BA0696}.Release|Any CPU.Build.0 = Release|Any CPU
	EndGlobalSection
	GlobalSection(SolutionProperties) = preSolution
		HideSolutionNode = FALSE
	EndGlobalSection
	GlobalSection(ExtensibilityGlobals) = postSolution
		SolutionGuid = {5E7321B3-0231-4F26-98B0-83AF42C46894}
	EndGlobalSection
EndGlobal
